
Microsoft Visual Studio Solution File, Format Version 12.00
# Visual Studio Version 17
VisualStudioVersion = 17.9.34902.65
MinimumVisualStudioVersion = 10.0.40219.1
Project("{FAE04EC0-301F-11D3-BF4B-00C04F79EFBC}") = "AADS_LR3_Task1", "AADS_LR3_Task1\AADS_LR3_Task1.csproj", "{81B33F09-8426-4E6C-9A1C-3C9C321F5155}"
EndProject
Global
	GlobalSection(SolutionConfigurationPlatforms) = preSolution
		Debug|Any CPU = Debug|Any CPU
		Release|Any CPU = Release|Any CPU
	EndGlobalSection
	GlobalSection(ProjectConfigurationPlatforms) = postSolution
		{81B33F09-8426-4E6C-9A1C-3C9C321F5155}.Debug|Any CPU.ActiveCfg = Debug|Any CPU
		{81B33F09-8426-4E6C-9A1C-3C9C321F5155}.Debug|Any CPU.Build.0 = Debug|Any CPU
		{81B33F09-8426-4E6C-9A1C-3C9C321F5155}.Release|Any CPU.ActiveCfg = Release|Any CPU
		{81B33F09-8426-4E6C-9A1C-3C9C321F5155}.Release|Any CPU.Build.0 = Release|Any CPU
	EndGlobalSection
	GlobalSection(SolutionProperties) = preSolution
		HideSolutionNode = FALSE
	EndGlobalSection
	GlobalSection(ExtensibilityGlobals) = postSolution
		SolutionGuid = {F64947C5-73DA-4015-A095-C62EE99D97F5}
	EndGlobalSection
EndGlobal
